
Microsoft Visual Studio Solution File, Format Version 12.00
# Visual Studio Version 17
VisualStudioVersion = 17.14.36310.24
MinimumVisualStudioVersion = 10.0.40219.1
Project("{FAE04EC0-301F-11D3-BF4B-00C04F79EFBC}") = "00Demo_OldTemplate", "00Demo_OldTemplate\00Demo_OldTemplate.csproj", "{5D756478-6FD0-47B1-8CB3-DD5BC66223BC}"
EndProject
Project("{FAE04EC0-301F-11D3-BF4B-00C04F79EFBC}") = "01Demo_CoreBasicTemplate", "01Demo_CoreBasicTemplate\01Demo_CoreBasicTemplate.csproj", "{72BD66EB-843D-459F-B916-C38289182BA4}"
EndProject
Project("{FAE04EC0-301F-11D3-BF4B-00C04F79EFBC}") = "DiamondPattern", "DiamondPattern\DiamondPattern.csproj", "{2A3BE367-9746-4196-802C-0BE6A8B2F91C}"
EndProject
Project("{FAE04EC0-301F-11D3-BF4B-00C04F79EFBC}") = "03DemoDataTypes", "03DemoDataTypes\03DemoDataTypes.csproj", "{7D286B36-45FE-412A-ABFE-6CFE70507D51}"
EndProject
Project("{FAE04EC0-301F-11D3-BF4B-00C04F79EFBC}") = "04_OOP_Inheritance", "04_OOP_Inheritance\04_OOP_Inheritance.csproj", "{9D1B4653-FED9-4CFE-AB8B-5989A622AD63}"
EndProject
Project("{FAE04EC0-301F-11D3-BF4B-00C04F79EFBC}") = "05_Demo_Inheritance", "05_Demo_Inheritance\05_Demo_Inheritance.csproj", "{225F7416-E9CD-49EB-BE8F-8C29C11DC960}"
EndProject
Project("{FAE04EC0-301F-11D3-BF4B-00C04F79EFBC}") = "06_OOP_Interface", "06_OOP_Interface\06_OOP_Interface.csproj", "{D9649945-3279-4B02-83ED-9B46F225DFAD}"
EndProject
Project("{FAE04EC0-301F-11D3-BF4B-00C04F79EFBC}") = "08_OOP_Interface", "08_OOP_Interface\08_OOP_Interface.csproj", "{B21BE247-594B-4291-8C76-59179D9C1F71}"
EndProject
Project("{FAE04EC0-301F-11D3-BF4B-00C04F79EFBC}") = "10_Demo_Report", "10_Demo_Report\10_Demo_Report.csproj", "{483F071F-F909-4264-A3AD-2F626E7533DA}"
EndProject
Project("{FAE04EC0-301F-11D3-BF4B-00C04F79EFBC}") = "11_Demo_Singleton", "11_Demo_Singleton\11_Demo_Singleton.csproj", "{B9CD358C-89AE-4078-87BB-000D2CE9F264}"
EndProject
Project("{FAE04EC0-301F-11D3-BF4B-00C04F79EFBC}") = "12_Demo_SealedClass", "12_Demo_SealedClass\12_Demo_SealedClass.csproj", "{B3F73F51-5112-41F0-8BBA-ECC0417B88D5}"
EndProject
Project("{FAE04EC0-301F-11D3-BF4B-00C04F79EFBC}") = "13_Demo_Notepad", "13_Demo_Notepad\13_Demo_Notepad.csproj", "{36A3C7D6-7102-4A31-A824-67CA0D71F8B9}"
EndProject
Project("{FAE04EC0-301F-11D3-BF4B-00C04F79EFBC}") = "Sealed_Demo", "Sealed_Demo\Sealed_Demo.csproj", "{DC3C674B-22A5-46AA-B84B-EDDB6E2F2E65}"
EndProject
Project("{FAE04EC0-301F-11D3-BF4B-00C04F79EFBC}") = "14_Properties", "14_Properties\14_Properties.csproj", "{1C3BFEA6-0CD4-4061-A4C1-BAE1B62CDC83}"
EndProject
Project("{FAE04EC0-301F-11D3-BF4B-00C04F79EFBC}") = "15_ClassLibrary", "15_ClassLibrary\15_ClassLibrary.csproj", "{0BAC2031-1A13-4736-89B1-ABCE7DFF5E4B}"
EndProject
Project("{FAE04EC0-301F-11D3-BF4B-00C04F79EFBC}") = "16_DemoClient", "16_DemoClient\16_DemoClient.csproj", "{127A29A5-A9B1-4AC8-BF75-28EB0191D46A}"
EndProject
Project("{FAE04EC0-301F-11D3-BF4B-00C04F79EFBC}") = "17_winform", "17_winform\17_winform.csproj", "{C78B3CF7-C9F5-4878-9A65-5507E06DE93E}"
EndProject
Project("{FAE04EC0-301F-11D3-BF4B-00C04F79EFBC}") = "18_deliates", "18_deliates\18_deliates.csproj", "{1C498712-5C19-4843-8A63-0417F7F8956D}"
EndProject
Project("{FAE04EC0-301F-11D3-BF4B-00C04F79EFBC}") = "Deligates_Demo", "Deligates_Demo\Deligates_Demo.csproj", "{7F6F4625-DD69-4CD1-8EDF-3A09C4814CAC}"
EndProject
Project("{FAE04EC0-301F-11D3-BF4B-00C04F79EFBC}") = "20_Multicaste_Delegate", "19_Multicaste_Delegate\20_Multicaste_Delegate.csproj", "{EDFBC536-7FA2-46AC-9139-BF9F0ABB98DA}"
EndProject
Project("{FAE04EC0-301F-11D3-BF4B-00C04F79EFBC}") = "19_EventsandDeligates", "19_EventsandDeligates\19_EventsandDeligates.csproj", "{5436507F-E6EC-400E-9039-DC96A2E6B63B}"
EndProject
Project("{FAE04EC0-301F-11D3-BF4B-00C04F79EFBC}") = "22_DemoCollection", "22_DemoCollection\22_DemoCollection.csproj", "{64D99DD2-1362-41EB-8CA3-51D0C93E4677}"
EndProject
Project("{FAE04EC0-301F-11D3-BF4B-00C04F79EFBC}") = "Demo_Generic", "Demo_Generic\Demo_Generic.csproj", "{965BB94E-7F2E-4114-A777-1BFFF4B74A7F}"
EndProject
Project("{FAE04EC0-301F-11D3-BF4B-00C04F79EFBC}") = "21_Observer_Pattern", "21_Oberver_Pattern\21_Observer_Pattern.csproj", "{40FD3C23-497F-4FBF-B735-BF3E31949613}"
EndProject
Project("{FAE04EC0-301F-11D3-BF4B-00C04F79EFBC}") = "26_Demo_FileIO", "26_Demo_FileIO\26_Demo_FileIO.csproj", "{4B5BC9DB-C25E-412F-B093-3D4E0484B4BF}"
EndProject
Project("{FAE04EC0-301F-11D3-BF4B-00C04F79EFBC}") = "27_Demo_Binary_Serialization", "27_Demo_Binary_Serialization\27_Demo_Binary_Serialization.csproj", "{5E7E5D1C-5D71-4EFF-AB91-39EB8862FC1C}"
EndProject
Project("{FAE04EC0-301F-11D3-BF4B-00C04F79EFBC}") = "28_Demo_Serialization", "28_Demo_Serialization\28_Demo_Serialization.csproj", "{92FDBDC6-185D-475F-B2BE-BEB8D30F2A28}"
EndProject
Project("{FAE04EC0-301F-11D3-BF4B-00C04F79EFBC}") = "23_Demo_Generic", "23_Demo_Generic\23_Demo_Generic.csproj", "{72F12892-384A-4EFF-939D-E1F545C9CB3E}"
EndProject
Project("{FAE04EC0-301F-11D3-BF4B-00C04F79EFBC}") = "24_Demo_Generic_Collections", "24_Demo_Generic_Collections\24_Demo_Generic_Collections.csproj", "{F0821242-80C6-4253-A7CC-2800ECA321E7}"
EndProject
Project("{FAE04EC0-301F-11D3-BF4B-00C04F79EFBC}") = "25_Demo_Generic_Delegate", "25_Demo_Generic_Delegate\25_Demo_Generic_Delegate.csproj", "{DB5F2276-BCF8-4512-84C4-604EA0652F8A}"
EndProject
Project("{FAE04EC0-301F-11D3-BF4B-00C04F79EFBC}") = "30_Demo_Reflection", "30_Demo_Reflection\30_Demo_Reflection.csproj", "{AA5FB02A-AE78-4057-A041-38E4E8CEDA92}"
EndProject
Project("{FAE04EC0-301F-11D3-BF4B-00C04F79EFBC}") = "29_Demo_MyMath", "29_Demo_MyMath\29_Demo_MyMath.csproj", "{585C1E80-DA2A-48DD-BCCB-73E7FB2B68EC}"
EndProject
Project("{FAE04EC0-301F-11D3-BF4B-00C04F79EFBC}") = "31_CustomAttribute", "31_CustomAttribute\31_CustomAttribute.csproj", "{E5E6CD4D-118D-46FD-81F8-611F037E9D19}"
EndProject
Project("{FAE04EC0-301F-11D3-BF4B-00C04F79EFBC}") = "32_MyApplication", "32_MyApplication\32_MyApplication.csproj", "{B614F9B3-E3FB-4B69-ADC7-4C31F5A4C254}"
EndProject
Project("{FAE04EC0-301F-11D3-BF4B-00C04F79EFBC}") = "33_CustomAttribute2", "33_CustomAttribute2\33_CustomAttribute2.csproj", "{5EFC4ECE-26DC-48DB-A6AE-59CE90CCA2E1}"
EndProject
Project("{FAE04EC0-301F-11D3-BF4B-00C04F79EFBC}") = "34_EmployeeLib", "34_EmployeeLib\34_EmployeeLib.csproj", "{C43F10D2-41BD-4678-9EE9-217C1396A17B}"
EndProject
Project("{FAE04EC0-301F-11D3-BF4B-00C04F79EFBC}") = "35_MyReflection", "35_MyReflection\35_MyReflection.csproj", "{E457AEF1-8E70-42D6-9081-733DF1901B0E}"
EndProject
Project("{FAE04EC0-301F-11D3-BF4B-00C04F79EFBC}") = "36_C#features", "36_C#features\36_C#features.csproj", "{88D5B707-202B-4648-BA93-A0ED45627C9C}"
EndProject
Project("{FAE04EC0-301F-11D3-BF4B-00C04F79EFBC}") = "Custom_Attributes", "Custom_Attributes\Custom_Attributes.csproj", "{C3A1E20B-A5C7-4CA3-A4E4-9A97B09409B5}"
EndProject
Project("{FAE04EC0-301F-11D3-BF4B-00C04F79EFBC}") = "EmpLib", "EmpLib\EmpLib.csproj", "{72AA78E5-D3FD-4603-A428-E9C29A437F04}"
EndProject
Project("{FAE04EC0-301F-11D3-BF4B-00C04F79EFBC}") = "37_CSharpFeatures", "37_CSharpFeatures\37_CSharpFeatures.csproj", "{1B07C027-09C9-4575-9D02-3823F6833E08}"
EndProject
Project("{FAE04EC0-301F-11D3-BF4B-00C04F79EFBC}") = "38_Demo_LINQ", "38_Demo_LINQ\38_Demo_LINQ.csproj", "{65F13300-6FC6-411E-8FB2-81E1355B93AA}"
EndProject
Project("{FAE04EC0-301F-11D3-BF4B-00C04F79EFBC}") = "39_Demo_LINQ", "39_Demo_LINQ\39_Demo_LINQ.csproj", "{0351145F-6A6C-4B9A-AB72-D09DC6BF2DE7}"
EndProject
Project("{FAE04EC0-301F-11D3-BF4B-00C04F79EFBC}") = "40_Demo_LINQ", "40_Demo_LINQ\40_Demo_LINQ.csproj", "{B753B0A6-3CEA-4BF1-9F83-040791D31E2C}"
EndProject
Project("{FAE04EC0-301F-11D3-BF4B-00C04F79EFBC}") = "41_Demo_LINQ", "41_Demo_LINQ\41_Demo_LINQ.csproj", "{34559630-A51E-4094-AC78-4C69F5DD2FB1}"
EndProject
Project("{FAE04EC0-301F-11D3-BF4B-00C04F79EFBC}") = "42_Demo_ConnectedAdoNet", "42_Demo_ConnectedAdoNet\42_Demo_ConnectedAdoNet.csproj", "{94F216F0-0EEF-41B8-AF4B-38A36525AE3B}"
EndProject
Project("{FAE04EC0-301F-11D3-BF4B-00C04F79EFBC}") = "43_Demo_ConnectedAdoNet", "43_Demo_ConnectedAdoNet\43_Demo_ConnectedAdoNet.csproj", "{ACE9D343-E55C-4D05-B55B-0885C9FEB8CD}"
EndProject
Project("{FAE04EC0-301F-11D3-BF4B-00C04F79EFBC}") = "42_connArch", "42_connArch\42_connArch.csproj", "{EE4C0A93-313D-4E2C-9C10-0767273452DF}"
EndProject
Project("{FAE04EC0-301F-11D3-BF4B-00C04F79EFBC}") = "43_conArch", "43_conArch\43_conArch.csproj", "{1A0C7465-ECB6-4C0C-A431-FAA266BB5D77}"
EndProject
Project("{FAE04EC0-301F-11D3-BF4B-00C04F79EFBC}") = "44_ConnectedArchStoredProcedure", "44_ConnectedArchStoredProcedure\44_ConnectedArchStoredProcedure.csproj", "{866312E0-25DA-472E-A55D-4B63FE3ED536}"
EndProject
Project("{FAE04EC0-301F-11D3-BF4B-00C04F79EFBC}") = "45_Disconnected", "45_Disconnected\45_Disconnected.csproj", "{6D8C4EB6-2D0E-4B60-A60F-C5DF103CF603}"
EndProject
Project("{FAE04EC0-301F-11D3-BF4B-00C04F79EFBC}") = "46_Demo_EntityFramewrok", "46_Demo_EntityFramewrok\46_Demo_EntityFramewrok.csproj", "{0CDE13BC-3D4D-42C0-AEE6-4941A6BD4857}"
EndProject
Project("{FAE04EC0-301F-11D3-BF4B-00C04F79EFBC}") = "47_ExceptionHandling", "47_ExceptionHandling\47_ExceptionHandling.csproj", "{92E99CE1-DD3F-42C4-A754-41C63D842FDA}"
EndProject
Project("{FAE04EC0-301F-11D3-BF4B-00C04F79EFBC}") = "48_Demo_GC", "48_Demo_GC\48_Demo_GC.csproj", "{0A7346B8-92BD-439E-ABCC-CDCF8CC35313}"
EndProject
Project("{FAE04EC0-301F-11D3-BF4B-00C04F79EFBC}") = "48_Demo_Threading", "48_Demo_Threading\48_Demo_Threading.csproj", "{2ED30B71-A282-4698-842B-8BBD514E1C0B}"
EndProject
Project("{FAE04EC0-301F-11D3-BF4B-00C04F79EFBC}") = "50_Demo_Threading", "50_Demo_Threading\50_Demo_Threading.csproj", "{5D9C2092-1378-46D7-8782-35EB84B7E4BF}"
EndProject
Global
	GlobalSection(SolutionConfigurationPlatforms) = preSolution
		Debug|Any CPU = Debug|Any CPU
		Release|Any CPU = Release|Any CPU
	EndGlobalSection
	GlobalSection(ProjectConfigurationPlatforms) = postSolution
		{5D756478-6FD0-47B1-8CB3-DD5BC66223BC}.Debug|Any CPU.ActiveCfg = Debug|Any CPU
		{5D756478-6FD0-47B1-8CB3-DD5BC66223BC}.Debug|Any CPU.Build.0 = Debug|Any CPU
		{5D756478-6FD0-47B1-8CB3-DD5BC66223BC}.Release|Any CPU.ActiveCfg = Release|Any CPU
		{5D756478-6FD0-47B1-8CB3-DD5BC66223BC}.Release|Any CPU.Build.0 = Release|Any CPU
		{72BD66EB-843D-459F-B916-C38289182BA4}.Debug|Any CPU.ActiveCfg = Debug|Any CPU
		{72BD66EB-843D-459F-B916-C38289182BA4}.Debug|Any CPU.Build.0 = Debug|Any CPU
		{72BD66EB-843D-459F-B916-C38289182BA4}.Release|Any CPU.ActiveCfg = Release|Any CPU
		{72BD66EB-843D-459F-B916-C38289182BA4}.Release|Any CPU.Build.0 = Release|Any CPU
		{2A3BE367-9746-4196-802C-0BE6A8B2F91C}.Debug|Any CPU.ActiveCfg = Debug|Any CPU
		{2A3BE367-9746-4196-802C-0BE6A8B2F91C}.Debug|Any CPU.Build.0 = Debug|Any CPU
		{2A3BE367-9746-4196-802C-0BE6A8B2F91C}.Release|Any CPU.ActiveCfg = Release|Any CPU
		{2A3BE367-9746-4196-802C-0BE6A8B2F91C}.Release|Any CPU.Build.0 = Release|Any CPU
		{7D286B36-45FE-412A-ABFE-6CFE70507D51}.Debug|Any CPU.ActiveCfg = Debug|Any CPU
		{7D286B36-45FE-412A-ABFE-6CFE70507D51}.Debug|Any CPU.Build.0 = Debug|Any CPU
		{7D286B36-45FE-412A-ABFE-6CFE70507D51}.Release|Any CPU.ActiveCfg = Release|Any CPU
		{7D286B36-45FE-412A-ABFE-6CFE70507D51}.Release|Any CPU.Build.0 = Release|Any CPU
		{9D1B4653-FED9-4CFE-AB8B-5989A622AD63}.Debug|Any CPU.ActiveCfg = Debug|Any CPU
		{9D1B4653-FED9-4CFE-AB8B-5989A622AD63}.Debug|Any CPU.Build.0 = Debug|Any CPU
		{9D1B4653-FED9-4CFE-AB8B-5989A622AD63}.Release|Any CPU.ActiveCfg = Release|Any CPU
		{9D1B4653-FED9-4CFE-AB8B-5989A622AD63}.Release|Any CPU.Build.0 = Release|Any CPU
		{225F7416-E9CD-49EB-BE8F-8C29C11DC960}.Debug|Any CPU.ActiveCfg = Debug|Any CPU
		{225F7416-E9CD-49EB-BE8F-8C29C11DC960}.Debug|Any CPU.Build.0 = Debug|Any CPU
		{225F7416-E9CD-49EB-BE8F-8C29C11DC960}.Release|Any CPU.ActiveCfg = Release|Any CPU
		{225F7416-E9CD-49EB-BE8F-8C29C11DC960}.Release|Any CPU.Build.0 = Release|Any CPU
		{D9649945-3279-4B02-83ED-9B46F225DFAD}.Debug|Any CPU.ActiveCfg = Debug|Any CPU
		{D9649945-3279-4B02-83ED-9B46F225DFAD}.Debug|Any CPU.Build.0 = Debug|Any CPU
		{D9649945-3279-4B02-83ED-9B46F225DFAD}.Release|Any CPU.ActiveCfg = Release|Any CPU
		{D9649945-3279-4B02-83ED-9B46F225DFAD}.Release|Any CPU.Build.0 = Release|Any CPU
		{B21BE247-594B-4291-8C76-59179D9C1F71}.Debug|Any CPU.ActiveCfg = Debug|Any CPU
		{B21BE247-594B-4291-8C76-59179D9C1F71}.Debug|Any CPU.Build.0 = Debug|Any CPU
		{B21BE247-594B-4291-8C76-59179D9C1F71}.Release|Any CPU.ActiveCfg = Release|Any CPU
		{B21BE247-594B-4291-8C76-59179D9C1F71}.Release|Any CPU.Build.0 = Release|Any CPU
		{483F071F-F909-4264-A3AD-2F626E7533DA}.Debug|Any CPU.ActiveCfg = Debug|Any CPU
		{483F071F-F909-4264-A3AD-2F626E7533DA}.Debug|Any CPU.Build.0 = Debug|Any CPU
		{483F071F-F909-4264-A3AD-2F626E7533DA}.Release|Any CPU.ActiveCfg = Release|Any CPU
		{483F071F-F909-4264-A3AD-2F626E7533DA}.Release|Any CPU.Build.0 = Release|Any CPU
		{B9CD358C-89AE-4078-87BB-000D2CE9F264}.Debug|Any CPU.ActiveCfg = Debug|Any CPU
		{B9CD358C-89AE-4078-87BB-000D2CE9F264}.Debug|Any CPU.Build.0 = Debug|Any CPU
		{B9CD358C-89AE-4078-87BB-000D2CE9F264}.Release|Any CPU.ActiveCfg = Release|Any CPU
		{B9CD358C-89AE-4078-87BB-000D2CE9F264}.Release|Any CPU.Build.0 = Release|Any CPU
		{B3F73F51-5112-41F0-8BBA-ECC0417B88D5}.Debug|Any CPU.ActiveCfg = Debug|Any CPU
		{B3F73F51-5112-41F0-8BBA-ECC0417B88D5}.Debug|Any CPU.Build.0 = Debug|Any CPU
		{B3F73F51-5112-41F0-8BBA-ECC0417B88D5}.Release|Any CPU.ActiveCfg = Release|Any CPU
		{B3F73F51-5112-41F0-8BBA-ECC0417B88D5}.Release|Any CPU.Build.0 = Release|Any CPU
		{36A3C7D6-7102-4A31-A824-67CA0D71F8B9}.Debug|Any CPU.ActiveCfg = Debug|Any CPU
		{36A3C7D6-7102-4A31-A824-67CA0D71F8B9}.Debug|Any CPU.Build.0 = Debug|Any CPU
		{36A3C7D6-7102-4A31-A824-67CA0D71F8B9}.Release|Any CPU.ActiveCfg = Release|Any CPU
		{36A3C7D6-7102-4A31-A824-67CA0D71F8B9}.Release|Any CPU.Build.0 = Release|Any CPU
		{DC3C674B-22A5-46AA-B84B-EDDB6E2F2E65}.Debug|Any CPU.ActiveCfg = Debug|Any CPU
		{DC3C674B-22A5-46AA-B84B-EDDB6E2F2E65}.Debug|Any CPU.Build.0 = Debug|Any CPU
		{DC3C674B-22A5-46AA-B84B-EDDB6E2F2E65}.Release|Any CPU.ActiveCfg = Release|Any CPU
		{DC3C674B-22A5-46AA-B84B-EDDB6E2F2E65}.Release|Any CPU.Build.0 = Release|Any CPU
		{1C3BFEA6-0CD4-4061-A4C1-BAE1B62CDC83}.Debug|Any CPU.ActiveCfg = Debug|Any CPU
		{1C3BFEA6-0CD4-4061-A4C1-BAE1B62CDC83}.Debug|Any CPU.Build.0 = Debug|Any CPU
		{1C3BFEA6-0CD4-4061-A4C1-BAE1B62CDC83}.Release|Any CPU.ActiveCfg = Release|Any CPU
		{1C3BFEA6-0CD4-4061-A4C1-BAE1B62CDC83}.Release|Any CPU.Build.0 = Release|Any CPU
		{0BAC2031-1A13-4736-89B1-ABCE7DFF5E4B}.Debug|Any CPU.ActiveCfg = Debug|Any CPU
		{0BAC2031-1A13-4736-89B1-ABCE7DFF5E4B}.Debug|Any CPU.Build.0 = Debug|Any CPU
		{0BAC2031-1A13-4736-89B1-ABCE7DFF5E4B}.Release|Any CPU.ActiveCfg = Release|Any CPU
		{0BAC2031-1A13-4736-89B1-ABCE7DFF5E4B}.Release|Any CPU.Build.0 = Release|Any CPU
		{127A29A5-A9B1-4AC8-BF75-28EB0191D46A}.Debug|Any CPU.ActiveCfg = Debug|Any CPU
		{127A29A5-A9B1-4AC8-BF75-28EB0191D46A}.Debug|Any CPU.Build.0 = Debug|Any CPU
		{127A29A5-A9B1-4AC8-BF75-28EB0191D46A}.Release|Any CPU.ActiveCfg = Release|Any CPU
		{127A29A5-A9B1-4AC8-BF75-28EB0191D46A}.Release|Any CPU.Build.0 = Release|Any CPU
		{C78B3CF7-C9F5-4878-9A65-5507E06DE93E}.Debug|Any CPU.ActiveCfg = Debug|Any CPU
		{C78B3CF7-C9F5-4878-9A65-5507E06DE93E}.Debug|Any CPU.Build.0 = Debug|Any CPU
		{C78B3CF7-C9F5-4878-9A65-5507E06DE93E}.Release|Any CPU.ActiveCfg = Release|Any CPU
		{C78B3CF7-C9F5-4878-9A65-5507E06DE93E}.Release|Any CPU.Build.0 = Release|Any CPU
		{1C498712-5C19-4843-8A63-0417F7F8956D}.Debug|Any CPU.ActiveCfg = Debug|Any CPU
		{1C498712-5C19-4843-8A63-0417F7F8956D}.Debug|Any CPU.Build.0 = Debug|Any CPU
		{1C498712-5C19-4843-8A63-0417F7F8956D}.Release|Any CPU.ActiveCfg = Release|Any CPU
		{1C498712-5C19-4843-8A63-0417F7F8956D}.Release|Any CPU.Build.0 = Release|Any CPU
		{7F6F4625-DD69-4CD1-8EDF-3A09C4814CAC}.Debug|Any CPU.ActiveCfg = Debug|Any CPU
		{7F6F4625-DD69-4CD1-8EDF-3A09C4814CAC}.Debug|Any CPU.Build.0 = Debug|Any CPU
		{7F6F4625-DD69-4CD1-8EDF-3A09C4814CAC}.Release|Any CPU.ActiveCfg = Release|Any CPU
		{7F6F4625-DD69-4CD1-8EDF-3A09C4814CAC}.Release|Any CPU.Build.0 = Release|Any CPU
		{EDFBC536-7FA2-46AC-9139-BF9F0ABB98DA}.Debug|Any CPU.ActiveCfg = Debug|Any CPU
		{EDFBC536-7FA2-46AC-9139-BF9F0ABB98DA}.Debug|Any CPU.Build.0 = Debug|Any CPU
		{EDFBC536-7FA2-46AC-9139-BF9F0ABB98DA}.Release|Any CPU.ActiveCfg = Release|Any CPU
		{EDFBC536-7FA2-46AC-9139-BF9F0ABB98DA}.Release|Any CPU.Build.0 = Release|Any CPU
		{5436507F-E6EC-400E-9039-DC96A2E6B63B}.Debug|Any CPU.ActiveCfg = Debug|Any CPU
		{5436507F-E6EC-400E-9039-DC96A2E6B63B}.Debug|Any CPU.Build.0 = Debug|Any CPU
		{5436507F-E6EC-400E-9039-DC96A2E6B63B}.Release|Any CPU.ActiveCfg = Release|Any CPU
		{5436507F-E6EC-400E-9039-DC96A2E6B63B}.Release|Any CPU.Build.0 = Release|Any CPU
		{64D99DD2-1362-41EB-8CA3-51D0C93E4677}.Debug|Any CPU.ActiveCfg = Debug|Any CPU
		{64D99DD2-1362-41EB-8CA3-51D0C93E4677}.Debug|Any CPU.Build.0 = Debug|Any CPU
		{64D99DD2-1362-41EB-8CA3-51D0C93E4677}.Release|Any CPU.ActiveCfg = Release|Any CPU
		{64D99DD2-1362-41EB-8CA3-51D0C93E4677}.Release|Any CPU.Build.0 = Release|Any CPU
		{965BB94E-7F2E-4114-A777-1BFFF4B74A7F}.Debug|Any CPU.ActiveCfg = Debug|Any CPU
		{965BB94E-7F2E-4114-A777-1BFFF4B74A7F}.Debug|Any CPU.Build.0 = Debug|Any CPU
		{965BB94E-7F2E-4114-A777-1BFFF4B74A7F}.Release|Any CPU.ActiveCfg = Release|Any CPU
		{965BB94E-7F2E-4114-A777-1BFFF4B74A7F}.Release|Any CPU.Build.0 = Release|Any CPU
		{40FD3C23-497F-4FBF-B735-BF3E31949613}.Debug|Any CPU.ActiveCfg = Debug|Any CPU
		{40FD3C23-497F-4FBF-B735-BF3E31949613}.Debug|Any CPU.Build.0 = Debug|Any CPU
		{40FD3C23-497F-4FBF-B735-BF3E31949613}.Release|Any CPU.ActiveCfg = Release|Any CPU
		{40FD3C23-497F-4FBF-B735-BF3E31949613}.Release|Any CPU.Build.0 = Release|Any CPU
		{4B5BC9DB-C25E-412F-B093-3D4E0484B4BF}.Debug|Any CPU.ActiveCfg = Debug|Any CPU
		{4B5BC9DB-C25E-412F-B093-3D4E0484B4BF}.Debug|Any CPU.Build.0 = Debug|Any CPU
		{4B5BC9DB-C25E-412F-B093-3D4E0484B4BF}.Release|Any CPU.ActiveCfg = Release|Any CPU
		{4B5BC9DB-C25E-412F-B093-3D4E0484B4BF}.Release|Any CPU.Build.0 = Release|Any CPU
		{5E7E5D1C-5D71-4EFF-AB91-39EB8862FC1C}.Debug|Any CPU.ActiveCfg = Debug|Any CPU
		{5E7E5D1C-5D71-4EFF-AB91-39EB8862FC1C}.Debug|Any CPU.Build.0 = Debug|Any CPU
		{5E7E5D1C-5D71-4EFF-AB91-39EB8862FC1C}.Release|Any CPU.ActiveCfg = Release|Any CPU
		{5E7E5D1C-5D71-4EFF-AB91-39EB8862FC1C}.Release|Any CPU.Build.0 = Release|Any CPU
		{92FDBDC6-185D-475F-B2BE-BEB8D30F2A28}.Debug|Any CPU.ActiveCfg = Debug|Any CPU
		{92FDBDC6-185D-475F-B2BE-BEB8D30F2A28}.Debug|Any CPU.Build.0 = Debug|Any CPU
		{92FDBDC6-185D-475F-B2BE-BEB8D30F2A28}.Release|Any CPU.ActiveCfg = Release|Any CPU
		{92FDBDC6-185D-475F-B2BE-BEB8D30F2A28}.Release|Any CPU.Build.0 = Release|Any CPU
		{72F12892-384A-4EFF-939D-E1F545C9CB3E}.Debug|Any CPU.ActiveCfg = Debug|Any CPU
		{72F12892-384A-4EFF-939D-E1F545C9CB3E}.Debug|Any CPU.Build.0 = Debug|Any CPU
		{72F12892-384A-4EFF-939D-E1F545C9CB3E}.Release|Any CPU.ActiveCfg = Release|Any CPU
		{72F12892-384A-4EFF-939D-E1F545C9CB3E}.Release|Any CPU.Build.0 = Release|Any CPU
		{F0821242-80C6-4253-A7CC-2800ECA321E7}.Debug|Any CPU.ActiveCfg = Debug|Any CPU
		{F0821242-80C6-4253-A7CC-2800ECA321E7}.Debug|Any CPU.Build.0 = Debug|Any CPU
		{F0821242-80C6-4253-A7CC-2800ECA321E7}.Release|Any CPU.ActiveCfg = Release|Any CPU
		{F0821242-80C6-4253-A7CC-2800ECA321E7}.Release|Any CPU.Build.0 = Release|Any CPU
		{DB5F2276-BCF8-4512-84C4-604EA0652F8A}.Debug|Any CPU.ActiveCfg = Debug|Any CPU
		{DB5F2276-BCF8-4512-84C4-604EA0652F8A}.Debug|Any CPU.Build.0 = Debug|Any CPU
		{DB5F2276-BCF8-4512-84C4-604EA0652F8A}.Release|Any CPU.ActiveCfg = Release|Any CPU
		{DB5F2276-BCF8-4512-84C4-604EA0652F8A}.Release|Any CPU.Build.0 = Release|Any CPU
		{AA5FB02A-AE78-4057-A041-38E4E8CEDA92}.Debug|Any CPU.ActiveCfg = Debug|Any CPU
		{AA5FB02A-AE78-4057-A041-38E4E8CEDA92}.Debug|Any CPU.Build.0 = Debug|Any CPU
		{AA5FB02A-AE78-4057-A041-38E4E8CEDA92}.Release|Any CPU.ActiveCfg = Release|Any CPU
		{AA5FB02A-AE78-4057-A041-38E4E8CEDA92}.Release|Any CPU.Build.0 = Release|Any CPU
		{585C1E80-DA2A-48DD-BCCB-73E7FB2B68EC}.Debug|Any CPU.ActiveCfg = Debug|Any CPU
		{585C1E80-DA2A-48DD-BCCB-73E7FB2B68EC}.Debug|Any CPU.Build.0 = Debug|Any CPU
		{585C1E80-DA2A-48DD-BCCB-73E7FB2B68EC}.Release|Any CPU.ActiveCfg = Release|Any CPU
		{585C1E80-DA2A-48DD-BCCB-73E7FB2B68EC}.Release|Any CPU.Build.0 = Release|Any CPU
		{E5E6CD4D-118D-46FD-81F8-611F037E9D19}.Debug|Any CPU.ActiveCfg = Debug|Any CPU
		{E5E6CD4D-118D-46FD-81F8-611F037E9D19}.Debug|Any CPU.Build.0 = Debug|Any CPU
		{E5E6CD4D-118D-46FD-81F8-611F037E9D19}.Release|Any CPU.ActiveCfg = Release|Any CPU
		{E5E6CD4D-118D-46FD-81F8-611F037E9D19}.Release|Any CPU.Build.0 = Release|Any CPU
		{B614F9B3-E3FB-4B69-ADC7-4C31F5A4C254}.Debug|Any CPU.ActiveCfg = Debug|Any CPU
		{B614F9B3-E3FB-4B69-ADC7-4C31F5A4C254}.Debug|Any CPU.Build.0 = Debug|Any CPU
		{B614F9B3-E3FB-4B69-ADC7-4C31F5A4C254}.Release|Any CPU.ActiveCfg = Release|Any CPU
		{B614F9B3-E3FB-4B69-ADC7-4C31F5A4C254}.Release|Any CPU.Build.0 = Release|Any CPU
		{5EFC4ECE-26DC-48DB-A6AE-59CE90CCA2E1}.Debug|Any CPU.ActiveCfg = Debug|Any CPU
		{5EFC4ECE-26DC-48DB-A6AE-59CE90CCA2E1}.Debug|Any CPU.Build.0 = Debug|Any CPU
		{5EFC4ECE-26DC-48DB-A6AE-59CE90CCA2E1}.Release|Any CPU.ActiveCfg = Release|Any CPU
		{5EFC4ECE-26DC-48DB-A6AE-59CE90CCA2E1}.Release|Any CPU.Build.0 = Release|Any CPU
		{C43F10D2-41BD-4678-9EE9-217C1396A17B}.Debug|Any CPU.ActiveCfg = Debug|Any CPU
		{C43F10D2-41BD-4678-9EE9-217C1396A17B}.Debug|Any CPU.Build.0 = Debug|Any CPU
		{C43F10D2-41BD-4678-9EE9-217C1396A17B}.Release|Any CPU.ActiveCfg = Release|Any CPU
		{C43F10D2-41BD-4678-9EE9-217C1396A17B}.Release|Any CPU.Build.0 = Release|Any CPU
		{E457AEF1-8E70-42D6-9081-733DF1901B0E}.Debug|Any CPU.ActiveCfg = Debug|Any CPU
		{E457AEF1-8E70-42D6-9081-733DF1901B0E}.Debug|Any CPU.Build.0 = Debug|Any CPU
		{E457AEF1-8E70-42D6-9081-733DF1901B0E}.Release|Any CPU.ActiveCfg = Release|Any CPU
		{E457AEF1-8E70-42D6-9081-733DF1901B0E}.Release|Any CPU.Build.0 = Release|Any CPU
		{88D5B707-202B-4648-BA93-A0ED45627C9C}.Debug|Any CPU.ActiveCfg = Debug|Any CPU
		{88D5B707-202B-4648-BA93-A0ED45627C9C}.Debug|Any CPU.Build.0 = Debug|Any CPU
		{88D5B707-202B-4648-BA93-A0ED45627C9C}.Release|Any CPU.ActiveCfg = Release|Any CPU
		{88D5B707-202B-4648-BA93-A0ED45627C9C}.Release|Any CPU.Build.0 = Release|Any CPU
		{C3A1E20B-A5C7-4CA3-A4E4-9A97B09409B5}.Debug|Any CPU.ActiveCfg = Debug|Any CPU
		{C3A1E20B-A5C7-4CA3-A4E4-9A97B09409B5}.Debug|Any CPU.Build.0 = Debug|Any CPU
		{C3A1E20B-A5C7-4CA3-A4E4-9A97B09409B5}.Release|Any CPU.ActiveCfg = Release|Any CPU
		{C3A1E20B-A5C7-4CA3-A4E4-9A97B09409B5}.Release|Any CPU.Build.0 = Release|Any CPU
		{72AA78E5-D3FD-4603-A428-E9C29A437F04}.Debug|Any CPU.ActiveCfg = Debug|Any CPU
		{72AA78E5-D3FD-4603-A428-E9C29A437F04}.Debug|Any CPU.Build.0 = Debug|Any CPU
		{72AA78E5-D3FD-4603-A428-E9C29A437F04}.Release|Any CPU.ActiveCfg = Release|Any CPU
		{72AA78E5-D3FD-4603-A428-E9C29A437F04}.Release|Any CPU.Build.0 = Release|Any CPU
		{1B07C027-09C9-4575-9D02-3823F6833E08}.Debug|Any CPU.ActiveCfg = Debug|Any CPU
		{1B07C027-09C9-4575-9D02-3823F6833E08}.Debug|Any CPU.Build.0 = Debug|Any CPU
		{1B07C027-09C9-4575-9D02-3823F6833E08}.Release|Any CPU.ActiveCfg = Release|Any CPU
		{1B07C027-09C9-4575-9D02-3823F6833E08}.Release|Any CPU.Build.0 = Release|Any CPU
		{65F13300-6FC6-411E-8FB2-81E1355B93AA}.Debug|Any CPU.ActiveCfg = Debug|Any CPU
		{65F13300-6FC6-411E-8FB2-81E1355B93AA}.Debug|Any CPU.Build.0 = Debug|Any CPU
		{65F13300-6FC6-411E-8FB2-81E1355B93AA}.Release|Any CPU.ActiveCfg = Release|Any CPU
		{65F13300-6FC6-411E-8FB2-81E1355B93AA}.Release|Any CPU.Build.0 = Release|Any CPU
		{0351145F-6A6C-4B9A-AB72-D09DC6BF2DE7}.Debug|Any CPU.ActiveCfg = Debug|Any CPU
		{0351145F-6A6C-4B9A-AB72-D09DC6BF2DE7}.Debug|Any CPU.Build.0 = Debug|Any CPU
		{0351145F-6A6C-4B9A-AB72-D09DC6BF2DE7}.Release|Any CPU.ActiveCfg = Release|Any CPU
		{0351145F-6A6C-4B9A-AB72-D09DC6BF2DE7}.Release|Any CPU.Build.0 = Release|Any CPU
		{B753B0A6-3CEA-4BF1-9F83-040791D31E2C}.Debug|Any CPU.ActiveCfg = Debug|Any CPU
		{B753B0A6-3CEA-4BF1-9F83-040791D31E2C}.Debug|Any CPU.Build.0 = Debug|Any CPU
		{B753B0A6-3CEA-4BF1-9F83-040791D31E2C}.Release|Any CPU.ActiveCfg = Release|Any CPU
		{B753B0A6-3CEA-4BF1-9F83-040791D31E2C}.Release|Any CPU.Build.0 = Release|Any CPU
		{34559630-A51E-4094-AC78-4C69F5DD2FB1}.Debug|Any CPU.ActiveCfg = Debug|Any CPU
		{34559630-A51E-4094-AC78-4C69F5DD2FB1}.Debug|Any CPU.Build.0 = Debug|Any CPU
		{34559630-A51E-4094-AC78-4C69F5DD2FB1}.Release|Any CPU.ActiveCfg = Release|Any CPU
		{34559630-A51E-4094-AC78-4C69F5DD2FB1}.Release|Any CPU.Build.0 = Release|Any CPU
		{94F216F0-0EEF-41B8-AF4B-38A36525AE3B}.Debug|Any CPU.ActiveCfg = Debug|Any CPU
		{94F216F0-0EEF-41B8-AF4B-38A36525AE3B}.Debug|Any CPU.Build.0 = Debug|Any CPU
		{94F216F0-0EEF-41B8-AF4B-38A36525AE3B}.Release|Any CPU.ActiveCfg = Release|Any CPU
		{94F216F0-0EEF-41B8-AF4B-38A36525AE3B}.Release|Any CPU.Build.0 = Release|Any CPU
		{ACE9D343-E55C-4D05-B55B-0885C9FEB8CD}.Debug|Any CPU.ActiveCfg = Debug|Any CPU
		{ACE9D343-E55C-4D05-B55B-0885C9FEB8CD}.Debug|Any CPU.Build.0 = Debug|Any CPU
		{ACE9D343-E55C-4D05-B55B-0885C9FEB8CD}.Release|Any CPU.ActiveCfg = Release|Any CPU
		{ACE9D343-E55C-4D05-B55B-0885C9FEB8CD}.Release|Any CPU.Build.0 = Release|Any CPU
		{EE4C0A93-313D-4E2C-9C10-0767273452DF}.Debug|Any CPU.ActiveCfg = Debug|Any CPU
		{EE4C0A93-313D-4E2C-9C10-0767273452DF}.Debug|Any CPU.Build.0 = Debug|Any CPU
		{EE4C0A93-313D-4E2C-9C10-0767273452DF}.Release|Any CPU.ActiveCfg = Release|Any CPU
		{EE4C0A93-313D-4E2C-9C10-0767273452DF}.Release|Any CPU.Build.0 = Release|Any CPU
		{1A0C7465-ECB6-4C0C-A431-FAA266BB5D77}.Debug|Any CPU.ActiveCfg = Debug|Any CPU
		{1A0C7465-ECB6-4C0C-A431-FAA266BB5D77}.Debug|Any CPU.Build.0 = Debug|Any CPU
		{1A0C7465-ECB6-4C0C-A431-FAA266BB5D77}.Release|Any CPU.ActiveCfg = Release|Any CPU
		{1A0C7465-ECB6-4C0C-A431-FAA266BB5D77}.Release|Any CPU.Build.0 = Release|Any CPU
		{866312E0-25DA-472E-A55D-4B63FE3ED536}.Debug|Any CPU.ActiveCfg = Debug|Any CPU
		{866312E0-25DA-472E-A55D-4B63FE3ED536}.Debug|Any CPU.Build.0 = Debug|Any CPU
		{866312E0-25DA-472E-A55D-4B63FE3ED536}.Release|Any CPU.ActiveCfg = Release|Any CPU
		{866312E0-25DA-472E-A55D-4B63FE3ED536}.Release|Any CPU.Build.0 = Release|Any CPU
		{6D8C4EB6-2D0E-4B60-A60F-C5DF103CF603}.Debug|Any CPU.ActiveCfg = Debug|Any CPU
		{6D8C4EB6-2D0E-4B60-A60F-C5DF103CF603}.Debug|Any CPU.Build.0 = Debug|Any CPU
		{6D8C4EB6-2D0E-4B60-A60F-C5DF103CF603}.Release|Any CPU.ActiveCfg = Release|Any CPU
		{6D8C4EB6-2D0E-4B60-A60F-C5DF103CF603}.Release|Any CPU.Build.0 = Release|Any CPU
		{0CDE13BC-3D4D-42C0-AEE6-4941A6BD4857}.Debug|Any CPU.ActiveCfg = Debug|Any CPU
		{0CDE13BC-3D4D-42C0-AEE6-4941A6BD4857}.Debug|Any CPU.Build.0 = Debug|Any CPU
		{0CDE13BC-3D4D-42C0-AEE6-4941A6BD4857}.Release|Any CPU.ActiveCfg = Release|Any CPU
		{0CDE13BC-3D4D-42C0-AEE6-4941A6BD4857}.Release|Any CPU.Build.0 = Release|Any CPU
		{92E99CE1-DD3F-42C4-A754-41C63D842FDA}.Debug|Any CPU.ActiveCfg = Debug|Any CPU
		{92E99CE1-DD3F-42C4-A754-41C63D842FDA}.Debug|Any CPU.Build.0 = Debug|Any CPU
		{92E99CE1-DD3F-42C4-A754-41C63D842FDA}.Release|Any CPU.ActiveCfg = Release|Any CPU
		{92E99CE1-DD3F-42C4-A754-41C63D842FDA}.Release|Any CPU.Build.0 = Release|Any CPU
		{0A7346B8-92BD-439E-ABCC-CDCF8CC35313}.Debug|Any CPU.ActiveCfg = Debug|Any CPU
		{0A7346B8-92BD-439E-ABCC-CDCF8CC35313}.Debug|Any CPU.Build.0 = Debug|Any CPU
		{0A7346B8-92BD-439E-ABCC-CDCF8CC35313}.Release|Any CPU.ActiveCfg = Release|Any CPU
		{0A7346B8-92BD-439E-ABCC-CDCF8CC35313}.Release|Any CPU.Build.0 = Release|Any CPU
		{2ED30B71-A282-4698-842B-8BBD514E1C0B}.Debug|Any CPU.ActiveCfg = Debug|Any CPU
		{2ED30B71-A282-4698-842B-8BBD514E1C0B}.Debug|Any CPU.Build.0 = Debug|Any CPU
		{2ED30B71-A282-4698-842B-8BBD514E1C0B}.Release|Any CPU.ActiveCfg = Release|Any CPU
		{2ED30B71-A282-4698-842B-8BBD514E1C0B}.Release|Any CPU.Build.0 = Release|Any CPU
		{5D9C2092-1378-46D7-8782-35EB84B7E4BF}.Debug|Any CPU.ActiveCfg = Debug|Any CPU
		{5D9C2092-1378-46D7-8782-35EB84B7E4BF}.Debug|Any CPU.Build.0 = Debug|Any CPU
		{5D9C2092-1378-46D7-8782-35EB84B7E4BF}.Release|Any CPU.ActiveCfg = Release|Any CPU
		{5D9C2092-1378-46D7-8782-35EB84B7E4BF}.Release|Any CPU.Build.0 = Release|Any CPU
	EndGlobalSection
	GlobalSection(SolutionProperties) = preSolution
		HideSolutionNode = FALSE
	EndGlobalSection
	GlobalSection(ExtensibilityGlobals) = postSolution
		SolutionGuid = {739A05D9-231E-49B7-B2B7-194F86CA3759}
	EndGlobalSection
EndGlobal
